<Solution>
  <Folder Name="/Solution Items/">
    <File Path="Directory.Packages.props" />
    <File Path=".gitignore" />
    <File Path=".gitattributes" />
    <File Path="CLAUDE.md" />
    <File Path="README.md" />
  </Folder>
  <Folder Name="/src/BuildingBlocks/">
    <Project Path="src/BuildingBlocks/OrderSphere.BuildingBlocks.Domain/OrderSphere.BuildingBlocks.csproj" />
  </Folder>
  <Folder Name="/src/Hosting/">
    <Project Path="src/OrderSphere.AppHost/OrderSphere.AppHost.csproj" />
  </Folder>
  <Folder Name="/src/Services/" />
  <Folder Name="/src/Services/Catalog/">
    <Project Path="src/Services/Catalog/OrderSphere.Catalog.Api/OrderSphere.Catalog.Api.csproj" />
    <Project Path="src/Services/Catalog/OrderSphere.Catalog.Application/OrderSphere.Catalog.Application.csproj" Id="4670507a-202e-412d-8409-5ee89cfb1049" />
    <Project Path="src/Services/Catalog/OrderSphere.Catalog.Domain/OrderSphere.Catalog.Domain.csproj" />
    <Project Path="src/Services/Catalog/OrderSphere.Catalog.Infrastructure/OrderSphere.Catalog.Infrastructure.csproj" />
  </Folder>
  <Folder Name="/src/Services/Ordering/">
    <Project Path="src/Services/Ordering/OrderSphere.Ordering.Api/OrderSphere.Ordering.Api.csproj" />
    <Project Path="src/Services/Ordering/OrderSphere.Ordering.Domain/OrderSphere.Ordering.Domain.csproj" />
    <Project Path="src/Services/Ordering/OrderSphere.Ordering.Infrastructure/OrderSphere.Ordering.Infrastructure.csproj" />
    <Project Path="src/Services/Ordering/OrderSphere.Ordering.Worker/OrderSphere.Ordering.Worker.csproj" />
  </Folder>
  <Folder Name="/src/Services/Notification/">
    <Project Path="src/Services/Notification/OrderSphere.Notification.Worker/OrderSphere.Notification.Worker.csproj" />
  </Folder>
  <Folder Name="/src/Services/UserProfile/">
    <Project Path="src/Services/UserProfile/OrderSphere.UserProfile.Api/OrderSphere.UserProfile.Api.csproj" />
    <Project Path="src/Services/UserProfile/OrderSphere.UserProfile.Domain/OrderSphere.UserProfile.Domain.csproj" />
    <Project Path="src/Services/UserProfile/OrderSphere.UserProfile.Infrastructure/OrderSphere.UserProfile.Infrastructure.csproj" />
  </Folder>
  <Folder Name="/src/">
    <Project Path="src/OrderSphere.Application/OrderSphere.Application.csproj" />
    <Project Path="src/OrderSphere.Domain/OrderSphere.Domain.csproj" />
    <Project Path="src/OrderSphere.Hosting/OrderSphere.Hosting.csproj" />
    <Project Path="src/OrderSphere.Infrastructure/OrderSphere.Infrastructure.csproj" />
    <Project Path="src/OrderSphere.ServiceDefaults/OrderSphere.ServiceDefaults.csproj" />
  </Folder>
  <Folder Name="/src/Gateways/">
    <Project Path="src/Gateways/OrderSphere.ApiGateway/OrderSphere.ApiGateway.csproj" />
    <Project Path="src/Gateways/OrderSphere.Bff/OrderSphere.Bff.csproj" />
  </Folder>
  <Folder Name="/src/Frontend/">
    <Project Path="src/OrderSphere.Web/OrderSphere.Web.csproj" />
  </Folder>
</Solution>
